
Microsoft Visual Studio Solution File, Format Version 12.00
# Visual Studio Version 16
VisualStudioVersion = 16.0.31424.327
MinimumVisualStudioVersion = 10.0.40219.1
Project("{FAE04EC0-301F-11D3-BF4B-00C04F79EFBC}") = "AdBlocker", "AdBlocker.csproj", "{A26E4B0E-0309-417F-B564-560A8B3F3A6E}"
EndProject
Global
	GlobalSection(SolutionConfigurationPlatforms) = preSolution
		Debug|Any CPU = Debug|Any CPU
		Release|Any CPU = Release|Any CPU
	EndGlobalSection
	GlobalSection(ProjectConfigurationPlatforms) = postSolution
		{A26E4B0E-0309-417F-B564-560A8B3F3A6E}.Debug|Any CPU.ActiveCfg = Debug|Any CPU
		{A26E4B0E-0309-417F-B564-560A8B3F3A6E}.Debug|Any CPU.Build.0 = Debug|Any CPU
		{A26E4B0E-0309-417F-B564-560A8B3F3A6E}.Release|Any CPU.ActiveCfg = Release|Any CPU
		{A26E4B0E-0309-417F-B564-560A8B3F3A6E}.Release|Any CPU.Build.0 = Release|Any CPU
	EndGlobalSection
	GlobalSection(SolutionProperties) = preSolution
		HideSolutionNode = FALSE
	EndGlobalSection
	GlobalSection(ExtensibilityGlobals) = postSolution
		SolutionGuid = {DF369A71-6F88-4997-9890-F3DE5EF379EA}
	EndGlobalSection
EndGlobal
